
Microsoft Visual Studio Solution File, Format Version 12.00
# Visual Studio 15
VisualStudioVersion = 15.0.28307.136
MinimumVisualStudioVersion = 10.0.40219.1
Project("{FAE04EC0-301F-11D3-BF4B-00C04F79EFBC}") = "NetCoreWebApp", "NetCoreWebApp\NetCoreWebApp.csproj", "{D4772BC0-E125-45AB-8BA6-9A20F3697031}"
EndProject
Project("{FAE04EC0-301F-11D3-BF4B-00C04F79EFBC}") = "TestClass", "TestClass\TestClass.csproj", "{8E09CDFE-9E55-4A2D-80CE-A8E8B5E2460D}"
EndProject
Global
	GlobalSection(SolutionConfigurationPlatforms) = preSolution
		Debug|Any CPU = Debug|Any CPU
		Release|Any CPU = Release|Any CPU
	EndGlobalSection
	GlobalSection(ProjectConfigurationPlatforms) = postSolution
		{D4772BC0-E125-45AB-8BA6-9A20F3697031}.Debug|Any CPU.ActiveCfg = Debug|Any CPU
		{D4772BC0-E125-45AB-8BA6-9A20F3697031}.Debug|Any CPU.Build.0 = Debug|Any CPU
		{D4772BC0-E125-45AB-8BA6-9A20F3697031}.Release|Any CPU.ActiveCfg = Release|Any CPU
		{D4772BC0-E125-45AB-8BA6-9A20F3697031}.Release|Any CPU.Build.0 = Release|Any CPU
		{8E09CDFE-9E55-4A2D-80CE-A8E8B5E2460D}.Debug|Any CPU.ActiveCfg = Debug|Any CPU
		{8E09CDFE-9E55-4A2D-80CE-A8E8B5E2460D}.Debug|Any CPU.Build.0 = Debug|Any CPU
		{8E09CDFE-9E55-4A2D-80CE-A8E8B5E2460D}.Release|Any CPU.ActiveCfg = Release|Any CPU
		{8E09CDFE-9E55-4A2D-80CE-A8E8B5E2460D}.Release|Any CPU.Build.0 = Release|Any CPU
	EndGlobalSection
	GlobalSection(SolutionProperties) = preSolution
		HideSolutionNode = FALSE
	EndGlobalSection
	GlobalSection(ExtensibilityGlobals) = postSolution
		SolutionGuid = {FC2BC72F-13F1-4A35-9CC7-D2A9F98CF2E5}
	EndGlobalSection
EndGlobal
